
Microsoft Visual Studio Solution File, Format Version 12.00
# Visual Studio Version 17
VisualStudioVersion = 17.5.33424.131
MinimumVisualStudioVersion = 10.0.40219.1
Project("{FAE04EC0-301F-11D3-BF4B-00C04F79EFBC}") = "Calculadora1.Android", "Calculadora1.Android\Calculadora1.Android.csproj", "{32EDD4EA-F894-4D05-9C95-DA8D530CC79B}"
EndProject
Project("{FAE04EC0-301F-11D3-BF4B-00C04F79EFBC}") = "Calculadora1.iOS", "Calculadora1.iOS\Calculadora1.iOS.csproj", "{057A0FC6-72A1-410A-9BCC-271B2A1033C2}"
EndProject
Project("{FAE04EC0-301F-11D3-BF4B-00C04F79EFBC}") = "Calculadora1", "Calculadora1\Calculadora1.csproj", "{3E18519B-BA77-4D86-9762-565542CD667B}"
EndProject
Global
	GlobalSection(SolutionConfigurationPlatforms) = preSolution
		Debug|Any CPU = Debug|Any CPU
		Debug|iPhone = Debug|iPhone
		Debug|iPhoneSimulator = Debug|iPhoneSimulator
		Release|Any CPU = Release|Any CPU
		Release|iPhone = Release|iPhone
		Release|iPhoneSimulator = Release|iPhoneSimulator
	EndGlobalSection
	GlobalSection(ProjectConfigurationPlatforms) = postSolution
		{32EDD4EA-F894-4D05-9C95-DA8D530CC79B}.Debug|Any CPU.ActiveCfg = Debug|Any CPU
		{32EDD4EA-F894-4D05-9C95-DA8D530CC79B}.Debug|Any CPU.Build.0 = Debug|Any CPU
		{32EDD4EA-F894-4D05-9C95-DA8D530CC79B}.Debug|Any CPU.Deploy.0 = Debug|Any CPU
		{32EDD4EA-F894-4D05-9C95-DA8D530CC79B}.Debug|iPhone.ActiveCfg = Debug|Any CPU
		{32EDD4EA-F894-4D05-9C95-DA8D530CC79B}.Debug|iPhone.Build.0 = Debug|Any CPU
		{32EDD4EA-F894-4D05-9C95-DA8D530CC79B}.Debug|iPhone.Deploy.0 = Debug|Any CPU
		{32EDD4EA-F894-4D05-9C95-DA8D530CC79B}.Debug|iPhoneSimulator.ActiveCfg = Debug|Any CPU
		{32EDD4EA-F894-4D05-9C95-DA8D530CC79B}.Debug|iPhoneSimulator.Build.0 = Debug|Any CPU
		{32EDD4EA-F894-4D05-9C95-DA8D530CC79B}.Debug|iPhoneSimulator.Deploy.0 = Debug|Any CPU
		{32EDD4EA-F894-4D05-9C95-DA8D530CC79B}.Release|Any CPU.ActiveCfg = Release|Any CPU
		{32EDD4EA-F894-4D05-9C95-DA8D530CC79B}.Release|Any CPU.Build.0 = Release|Any CPU
		{32EDD4EA-F894-4D05-9C95-DA8D530CC79B}.Release|Any CPU.Deploy.0 = Release|Any CPU
		{32EDD4EA-F894-4D05-9C95-DA8D530CC79B}.Release|iPhone.ActiveCfg = Release|Any CPU
		{32EDD4EA-F894-4D05-9C95-DA8D530CC79B}.Release|iPhone.Build.0 = Release|Any CPU
		{32EDD4EA-F894-4D05-9C95-DA8D530CC79B}.Release|iPhone.Deploy.0 = Release|Any CPU
		{32EDD4EA-F894-4D05-9C95-DA8D530CC79B}.Release|iPhoneSimulator.ActiveCfg = Release|Any CPU
		{32EDD4EA-F894-4D05-9C95-DA8D530CC79B}.Release|iPhoneSimulator.Build.0 = Release|Any CPU
		{32EDD4EA-F894-4D05-9C95-DA8D530CC79B}.Release|iPhoneSimulator.Deploy.0 = Release|Any CPU
		{057A0FC6-72A1-410A-9BCC-271B2A1033C2}.Debug|Any CPU.ActiveCfg = Debug|iPhone
		{057A0FC6-72A1-410A-9BCC-271B2A1033C2}.Debug|Any CPU.Build.0 = Debug|iPhone
		{057A0FC6-72A1-410A-9BCC-271B2A1033C2}.Debug|Any CPU.Deploy.0 = Debug|iPhone
		{057A0FC6-72A1-410A-9BCC-271B2A1033C2}.Debug|iPhone.ActiveCfg = Debug|iPhone
		{057A0FC6-72A1-410A-9BCC-271B2A1033C2}.Debug|iPhone.Build.0 = Debug|iPhone
		{057A0FC6-72A1-410A-9BCC-271B2A1033C2}.Debug|iPhone.Deploy.0 = Debug|iPhone
		{057A0FC6-72A1-410A-9BCC-271B2A1033C2}.Debug|iPhoneSimulator.ActiveCfg = Debug|iPhoneSimulator
		{057A0FC6-72A1-410A-9BCC-271B2A1033C2}.Debug|iPhoneSimulator.Build.0 = Debug|iPhoneSimulator
		{057A0FC6-72A1-410A-9BCC-271B2A1033C2}.Debug|iPhoneSimulator.Deploy.0 = Debug|iPhoneSimulator
		{057A0FC6-72A1-410A-9BCC-271B2A1033C2}.Release|Any CPU.ActiveCfg = Release|iPhoneSimulator
		{057A0FC6-72A1-410A-9BCC-271B2A1033C2}.Release|Any CPU.Build.0 = Release|iPhoneSimulator
		{057A0FC6-72A1-410A-9BCC-271B2A1033C2}.Release|Any CPU.Deploy.0 = Release|iPhoneSimulator
		{057A0FC6-72A1-410A-9BCC-271B2A1033C2}.Release|iPhone.ActiveCfg = Release|iPhone
		{057A0FC6-72A1-410A-9BCC-271B2A1033C2}.Release|iPhone.Build.0 = Release|iPhone
		{057A0FC6-72A1-410A-9BCC-271B2A1033C2}.Release|iPhone.Deploy.0 = Release|iPhone
		{057A0FC6-72A1-410A-9BCC-271B2A1033C2}.Release|iPhoneSimulator.ActiveCfg = Release|iPhoneSimulator
		{057A0FC6-72A1-410A-9BCC-271B2A1033C2}.Release|iPhoneSimulator.Build.0 = Release|iPhoneSimulator
		{057A0FC6-72A1-410A-9BCC-271B2A1033C2}.Release|iPhoneSimulator.Deploy.0 = Release|iPhoneSimulator
		{3E18519B-BA77-4D86-9762-565542CD667B}.Debug|Any CPU.ActiveCfg = Debug|Any CPU
		{3E18519B-BA77-4D86-9762-565542CD667B}.Debug|Any CPU.Build.0 = Debug|Any CPU
		{3E18519B-BA77-4D86-9762-565542CD667B}.Debug|Any CPU.Deploy.0 = Debug|Any CPU
		{3E18519B-BA77-4D86-9762-565542CD667B}.Debug|iPhone.ActiveCfg = Debug|Any CPU
		{3E18519B-BA77-4D86-9762-565542CD667B}.Debug|iPhone.Build.0 = Debug|Any CPU
		{3E18519B-BA77-4D86-9762-565542CD667B}.Debug|iPhone.Deploy.0 = Debug|Any CPU
		{3E18519B-BA77-4D86-9762-565542CD667B}.Debug|iPhoneSimulator.ActiveCfg = Debug|Any CPU
		{3E18519B-BA77-4D86-9762-565542CD667B}.Debug|iPhoneSimulator.Build.0 = Debug|Any CPU
		{3E18519B-BA77-4D86-9762-565542CD667B}.Debug|iPhoneSimulator.Deploy.0 = Debug|Any CPU
		{3E18519B-BA77-4D86-9762-565542CD667B}.Release|Any CPU.ActiveCfg = Release|Any CPU
		{3E18519B-BA77-4D86-9762-565542CD667B}.Release|Any CPU.Build.0 = Release|Any CPU
		{3E18519B-BA77-4D86-9762-565542CD667B}.Release|Any CPU.Deploy.0 = Release|Any CPU
		{3E18519B-BA77-4D86-9762-565542CD667B}.Release|iPhone.ActiveCfg = Release|Any CPU
		{3E18519B-BA77-4D86-9762-565542CD667B}.Release|iPhone.Build.0 = Release|Any CPU
		{3E18519B-BA77-4D86-9762-565542CD667B}.Release|iPhone.Deploy.0 = Release|Any CPU
		{3E18519B-BA77-4D86-9762-565542CD667B}.Release|iPhoneSimulator.ActiveCfg = Release|Any CPU
		{3E18519B-BA77-4D86-9762-565542CD667B}.Release|iPhoneSimulator.Build.0 = Release|Any CPU
		{3E18519B-BA77-4D86-9762-565542CD667B}.Release|iPhoneSimulator.Deploy.0 = Release|Any CPU
	EndGlobalSection
	GlobalSection(SolutionProperties) = preSolution
		HideSolutionNode = FALSE
	EndGlobalSection
	GlobalSection(ExtensibilityGlobals) = postSolution
		SolutionGuid = {3A1EFD08-5123-488C-A295-9D3731D19450}
	EndGlobalSection
EndGlobal
